<Solution>
  <Folder Name="/Task0/">
    <Project Path="Tyuiu.Adzhievrsh.Sprint1.Task0.Lib/Tyuiu.Adzhievrsh.Sprint1.Task0.V27.Lib.csproj" />
    <Project Path="Tyuiu.Adzhievrsh.Sprint1.Task0.V27.Test/Tyuiu.Adzhievrsh.Sprint1.Task0.V27.Test.csproj" />
    <Project Path="Tyuiu.Adzhievrsh.Sprint1.Task0.V27/Tyuiu.Adzhievrsh.Sprint1.Task0.V27.csproj" />
  </Folder>
</Solution>
